
Microsoft Visual Studio Solution File, Format Version 12.00
# Visual Studio 2013
VisualStudioVersion = 12.0.31101.0
MinimumVisualStudioVersion = 10.0.40219.1
Project("{FAE04EC0-301F-11D3-BF4B-00C04F79EFBC}") = "CyberForumMVCDivision", "CyberForumMVCDivision\CyberForumMVCDivision.csproj", "{35D47DDF-4219-4E9C-84B9-D9FE10C2F4AE}"
EndProject
Global
	GlobalSection(TeamFoundationVersionControl) = preSolution
		SccNumberOfProjects = 2
		SccEnterpriseProvider = {4CA58AB2-18FA-4F8D-95D4-32DDF27D184C}
		SccTeamFoundationServer = http://217.144.162.177:8080/tfs/workingcollection
		SccLocalPath0 = .
		SccProjectUniqueName1 = CyberForumMVCDivision\\CyberForumMVCDivision.csproj
		SccProjectName1 = CyberForumMVCDivision
		SccLocalPath1 = CyberForumMVCDivision
	EndGlobalSection
	GlobalSection(SolutionConfigurationPlatforms) = preSolution
		Debug|Any CPU = Debug|Any CPU
		Release|Any CPU = Release|Any CPU
	EndGlobalSection
	GlobalSection(ProjectConfigurationPlatforms) = postSolution
		{35D47DDF-4219-4E9C-84B9-D9FE10C2F4AE}.Debug|Any CPU.ActiveCfg = Debug|Any CPU
		{35D47DDF-4219-4E9C-84B9-D9FE10C2F4AE}.Debug|Any CPU.Build.0 = Debug|Any CPU
		{35D47DDF-4219-4E9C-84B9-D9FE10C2F4AE}.Release|Any CPU.ActiveCfg = Release|Any CPU
		{35D47DDF-4219-4E9C-84B9-D9FE10C2F4AE}.Release|Any CPU.Build.0 = Release|Any CPU
	EndGlobalSection
	GlobalSection(SolutionProperties) = preSolution
		HideSolutionNode = FALSE
	EndGlobalSection
EndGlobal
