
Microsoft Visual Studio Solution File, Format Version 12.00
# Visual Studio 2013
VisualStudioVersion = 12.0.31101.0
MinimumVisualStudioVersion = 10.0.40219.1
Project("{FAE04EC0-301F-11D3-BF4B-00C04F79EFBC}") = "ConsoleApplication1", "ConsoleApplication1.csproj", "{4D86159D-7F1A-4995-ACD1-D04E601642D3}"
EndProject
Global
	GlobalSection(TeamFoundationVersionControl) = preSolution
		SccNumberOfProjects = 2
		SccEnterpriseProvider = {4CA58AB2-18FA-4F8D-95D4-32DDF27D184C}
		SccTeamFoundationServer = http://217.144.162.177:8080/tfs/workingcollection
		SccLocalPath0 = .
		SccProjectUniqueName1 = ConsoleApplication1.csproj
		SccLocalPath1 = .
	EndGlobalSection
	GlobalSection(SolutionConfigurationPlatforms) = preSolution
		Debug|Any CPU = Debug|Any CPU
		Release|Any CPU = Release|Any CPU
	EndGlobalSection
	GlobalSection(ProjectConfigurationPlatforms) = postSolution
		{4D86159D-7F1A-4995-ACD1-D04E601642D3}.Debug|Any CPU.ActiveCfg = Debug|Any CPU
		{4D86159D-7F1A-4995-ACD1-D04E601642D3}.Debug|Any CPU.Build.0 = Debug|Any CPU
		{4D86159D-7F1A-4995-ACD1-D04E601642D3}.Release|Any CPU.ActiveCfg = Release|Any CPU
		{4D86159D-7F1A-4995-ACD1-D04E601642D3}.Release|Any CPU.Build.0 = Release|Any CPU
	EndGlobalSection
	GlobalSection(SolutionProperties) = preSolution
		HideSolutionNode = FALSE
	EndGlobalSection
EndGlobal
